PODS:
  - Flutter (1.0.0)
  - flutter_config (0.0.1):
    - Flutter
  - geolocator_apple (1.0.0):
    - Flutter
  - google_maps_flutter (0.0.1):
    - Flutter
    - GoogleMaps
  - GoogleMaps (4.1.0):
    - GoogleMaps/Maps (= 4.1.0)
  - GoogleMaps/Base (4.1.0)
  - GoogleMaps/Maps (4.1.0):
    - GoogleMaps/Base

DEPENDENCIES:
  - Flutter (from `Flutter`)
  - flutter_config (from `.symlinks/plugins/flutter_config/ios`)
  - geolocator_apple (from `.symlinks/plugins/geolocator_apple/ios`)
  - google_maps_flutter (from `.symlinks/plugins/google_maps_flutter/ios`)

SPEC REPOS:
  trunk:
    - GoogleMaps

EXTERNAL SOURCES:
  Flutter:
    :path: Flutter
  flutter_config:
    :path: ".symlinks/plugins/flutter_config/ios"
  geolocator_apple:
    :path: ".symlinks/plugins/geolocator_apple/ios"
  google_maps_flutter:
    :path: ".symlinks/plugins/google_maps_flutter/ios"

SPEC CHECKSUMS:
  Flutter: 434fef37c0980e73bb6479ef766c45957d4b510c
  flutter_config: 2226c1df19c78fe34a05eb7f1363445f18e76fc1
  geolocator_apple: 60a1c3f5930c090d2f5164ba8bf25f4f89121e3c
  google_maps_flutter: df4e7de95264aa0a2f11aac0fc7e313acb8ffc7e
  GoogleMaps: 008e2c80e38605b56b560e8deb73d4194ff30bef

PODFILE CHECKSUM: aafe91acc616949ddb318b77800a7f51bffa2a4c

COCOAPODS: 1.10.1
